
Microsoft Visual Studio Solution File, Format Version 12.00
# Visual Studio Version 17
VisualStudioVersion = 17.8.34525.116
MinimumVisualStudioVersion = 10.0.40219.1
Project("{FAE04EC0-301F-11D3-BF4B-00C04F79EFBC}") = "KodlamaioSimulation", "KodlamaioSimulation\KodlamaioSimulation.csproj", "{F47F629B-384B-4EA2-AFC8-0FD2D939CEEE}"
EndProject
Global
	GlobalSection(SolutionConfigurationPlatforms) = preSolution
		Debug|Any CPU = Debug|Any CPU
		Release|Any CPU = Release|Any CPU
	EndGlobalSection
	GlobalSection(ProjectConfigurationPlatforms) = postSolution
		{F47F629B-384B-4EA2-AFC8-0FD2D939CEEE}.Debug|Any CPU.ActiveCfg = Debug|Any CPU
		{F47F629B-384B-4EA2-AFC8-0FD2D939CEEE}.Debug|Any CPU.Build.0 = Debug|Any CPU
		{F47F629B-384B-4EA2-AFC8-0FD2D939CEEE}.Release|Any CPU.ActiveCfg = Release|Any CPU
		{F47F629B-384B-4EA2-AFC8-0FD2D939CEEE}.Release|Any CPU.Build.0 = Release|Any CPU
	EndGlobalSection
	GlobalSection(SolutionProperties) = preSolution
		HideSolutionNode = FALSE
	EndGlobalSection
	GlobalSection(ExtensibilityGlobals) = postSolution
		SolutionGuid = {55AD04DA-536E-48C0-89C7-416CBBB8CF8F}
	EndGlobalSection
EndGlobal
